
Microsoft Visual Studio Solution File, Format Version 12.00
# Visual Studio 2012
Project("{FAE04EC0-301F-11D3-BF4B-00C04F79EFBC}") = "ShouxinServer", "ShouxinServer\ShouxinServer.csproj", "{C18ED285-9207-4F8D-BBBE-D90BA7BC9924}"
EndProject
Project("{FAE04EC0-301F-11D3-BF4B-00C04F79EFBC}") = "ShouxinServer.Tests", "ShouxinServer.Tests\ShouxinServer.Tests.csproj", "{59D6C3D3-BB55-4BD5-9680-2C5E6A0589E6}"
EndProject
Global
	GlobalSection(SolutionConfigurationPlatforms) = preSolution
		Debug|Any CPU = Debug|Any CPU
		Release|Any CPU = Release|Any CPU
	EndGlobalSection
	GlobalSection(ProjectConfigurationPlatforms) = postSolution
		{C18ED285-9207-4F8D-BBBE-D90BA7BC9924}.Debug|Any CPU.ActiveCfg = Debug|Any CPU
		{C18ED285-9207-4F8D-BBBE-D90BA7BC9924}.Debug|Any CPU.Build.0 = Debug|Any CPU
		{C18ED285-9207-4F8D-BBBE-D90BA7BC9924}.Release|Any CPU.ActiveCfg = Release|Any CPU
		{C18ED285-9207-4F8D-BBBE-D90BA7BC9924}.Release|Any CPU.Build.0 = Release|Any CPU
		{59D6C3D3-BB55-4BD5-9680-2C5E6A0589E6}.Debug|Any CPU.ActiveCfg = Debug|Any CPU
		{59D6C3D3-BB55-4BD5-9680-2C5E6A0589E6}.Debug|Any CPU.Build.0 = Debug|Any CPU
		{59D6C3D3-BB55-4BD5-9680-2C5E6A0589E6}.Release|Any CPU.ActiveCfg = Release|Any CPU
		{59D6C3D3-BB55-4BD5-9680-2C5E6A0589E6}.Release|Any CPU.Build.0 = Release|Any CPU
	EndGlobalSection
	GlobalSection(SolutionProperties) = preSolution
		HideSolutionNode = FALSE
	EndGlobalSection
EndGlobal
